
Microsoft Visual Studio Solution File, Format Version 12.00
# Visual Studio Version 16
VisualStudioVersion = 16.0.29215.179
MinimumVisualStudioVersion = 10.0.40219.1
Project("{FAE04EC0-301F-11D3-BF4B-00C04F79EFBC}") = "NumberToText.App", "NumberToText.App\NumberToText.App.csproj", "{A1AA0EED-6945-4B85-B7BF-DBFA6D82D676}"
EndProject
Global
	GlobalSection(SolutionConfigurationPlatforms) = preSolution
		Debug|Any CPU = Debug|Any CPU
		Release|Any CPU = Release|Any CPU
	EndGlobalSection
	GlobalSection(ProjectConfigurationPlatforms) = postSolution
		{A1AA0EED-6945-4B85-B7BF-DBFA6D82D676}.Debug|Any CPU.ActiveCfg = Debug|Any CPU
		{A1AA0EED-6945-4B85-B7BF-DBFA6D82D676}.Debug|Any CPU.Build.0 = Debug|Any CPU
		{A1AA0EED-6945-4B85-B7BF-DBFA6D82D676}.Release|Any CPU.ActiveCfg = Release|Any CPU
		{A1AA0EED-6945-4B85-B7BF-DBFA6D82D676}.Release|Any CPU.Build.0 = Release|Any CPU
	EndGlobalSection
	GlobalSection(SolutionProperties) = preSolution
		HideSolutionNode = FALSE
	EndGlobalSection
	GlobalSection(ExtensibilityGlobals) = postSolution
		SolutionGuid = {1FF844AE-27EC-452B-A726-23672F91EE5C}
	EndGlobalSection
EndGlobal
